
Microsoft Visual Studio Solution File, Format Version 12.00
# Visual Studio Version 17
VisualStudioVersion = 17.12.35506.116
MinimumVisualStudioVersion = 10.0.40219.1
Project("{FAE04EC0-301F-11D3-BF4B-00C04F79EFBC}") = "01_historian_hysteria", "01_historian_hysteria\01_historian_hysteria.csproj", "{1486DEF3-8D9A-4CEE-97A5-1F325CAB5E65}"
EndProject
Project("{2150E333-8FDC-42A3-9474-1A3956D46DE8}") = "Solution Items", "Solution Items", "{1C9A1296-7C8A-46C6-BA2A-ADAD4BBDC059}"
	ProjectSection(SolutionItems) = preProject
		README.md = README.md
	EndProjectSection
EndProject
Project("{FAE04EC0-301F-11D3-BF4B-00C04F79EFBC}") = "02_red-nosed_reports", "02_red-nosed_reports\02_red-nosed_reports.csproj", "{2D19CD36-0DF4-476D-A7A9-255B73965926}"
EndProject
Project("{FAE04EC0-301F-11D3-BF4B-00C04F79EFBC}") = "04_ceres_search", "04_ceres_search\04_ceres_search.csproj", "{DB95957C-FEE3-49C6-B375-C4509C0ED91E}"
EndProject
Project("{FAE04EC0-301F-11D3-BF4B-00C04F79EFBC}") = "03_mull_it_over", "03_mull_it_over\03_mull_it_over.csproj", "{6AC380C8-D63E-465D-88E7-508F14CF3D6B}"
EndProject
Project("{FAE04EC0-301F-11D3-BF4B-00C04F79EFBC}") = "05_print_queue", "05_print_queue\05_print_queue.csproj", "{538FD8E3-1DD7-4860-B209-7E2AF096B2D6}"
EndProject
Project("{FAE04EC0-301F-11D3-BF4B-00C04F79EFBC}") = "06_guard_gallivant", "06_guard_gallivant\06_guard_gallivant.csproj", "{57AFDEDA-92A2-4463-AC1A-F793ACF90BA2}"
EndProject
Project("{FAE04EC0-301F-11D3-BF4B-00C04F79EFBC}") = "07_bridge_repair", "07_bridge_repair\07_bridge_repair.csproj", "{798A90B9-2D5C-45ED-A655-0C4AE7AA70C8}"
EndProject
Project("{FAE04EC0-301F-11D3-BF4B-00C04F79EFBC}") = "08_resonant_collinearity", "08_resonant_collinearity\08_resonant_collinearity.csproj", "{58914821-12F8-4536-9BFD-7C1044B8C07B}"
EndProject
Project("{FAE04EC0-301F-11D3-BF4B-00C04F79EFBC}") = "09_disk_fragmenter", "09_disk_fragmenter\09_disk_fragmenter.csproj", "{8031E850-4FC2-4D4B-A5D9-BD776B209759}"
EndProject
Global
	GlobalSection(SolutionConfigurationPlatforms) = preSolution
		Debug|Any CPU = Debug|Any CPU
		Release|Any CPU = Release|Any CPU
	EndGlobalSection
	GlobalSection(ProjectConfigurationPlatforms) = postSolution
		{1486DEF3-8D9A-4CEE-97A5-1F325CAB5E65}.Debug|Any CPU.ActiveCfg = Debug|Any CPU
		{1486DEF3-8D9A-4CEE-97A5-1F325CAB5E65}.Debug|Any CPU.Build.0 = Debug|Any CPU
		{1486DEF3-8D9A-4CEE-97A5-1F325CAB5E65}.Release|Any CPU.ActiveCfg = Release|Any CPU
		{1486DEF3-8D9A-4CEE-97A5-1F325CAB5E65}.Release|Any CPU.Build.0 = Release|Any CPU
		{2D19CD36-0DF4-476D-A7A9-255B73965926}.Debug|Any CPU.ActiveCfg = Debug|Any CPU
		{2D19CD36-0DF4-476D-A7A9-255B73965926}.Debug|Any CPU.Build.0 = Debug|Any CPU
		{2D19CD36-0DF4-476D-A7A9-255B73965926}.Release|Any CPU.ActiveCfg = Release|Any CPU
		{2D19CD36-0DF4-476D-A7A9-255B73965926}.Release|Any CPU.Build.0 = Release|Any CPU
		{DB95957C-FEE3-49C6-B375-C4509C0ED91E}.Debug|Any CPU.ActiveCfg = Debug|Any CPU
		{DB95957C-FEE3-49C6-B375-C4509C0ED91E}.Debug|Any CPU.Build.0 = Debug|Any CPU
		{DB95957C-FEE3-49C6-B375-C4509C0ED91E}.Release|Any CPU.ActiveCfg = Release|Any CPU
		{DB95957C-FEE3-49C6-B375-C4509C0ED91E}.Release|Any CPU.Build.0 = Release|Any CPU
		{6AC380C8-D63E-465D-88E7-508F14CF3D6B}.Debug|Any CPU.ActiveCfg = Debug|Any CPU
		{6AC380C8-D63E-465D-88E7-508F14CF3D6B}.Debug|Any CPU.Build.0 = Debug|Any CPU
		{6AC380C8-D63E-465D-88E7-508F14CF3D6B}.Release|Any CPU.ActiveCfg = Release|Any CPU
		{6AC380C8-D63E-465D-88E7-508F14CF3D6B}.Release|Any CPU.Build.0 = Release|Any CPU
		{538FD8E3-1DD7-4860-B209-7E2AF096B2D6}.Debug|Any CPU.ActiveCfg = Debug|Any CPU
		{538FD8E3-1DD7-4860-B209-7E2AF096B2D6}.Debug|Any CPU.Build.0 = Debug|Any CPU
		{538FD8E3-1DD7-4860-B209-7E2AF096B2D6}.Release|Any CPU.ActiveCfg = Release|Any CPU
		{538FD8E3-1DD7-4860-B209-7E2AF096B2D6}.Release|Any CPU.Build.0 = Release|Any CPU
		{57AFDEDA-92A2-4463-AC1A-F793ACF90BA2}.Debug|Any CPU.ActiveCfg = Debug|Any CPU
		{57AFDEDA-92A2-4463-AC1A-F793ACF90BA2}.Debug|Any CPU.Build.0 = Debug|Any CPU
		{57AFDEDA-92A2-4463-AC1A-F793ACF90BA2}.Release|Any CPU.ActiveCfg = Release|Any CPU
		{57AFDEDA-92A2-4463-AC1A-F793ACF90BA2}.Release|Any CPU.Build.0 = Release|Any CPU
		{798A90B9-2D5C-45ED-A655-0C4AE7AA70C8}.Debug|Any CPU.ActiveCfg = Debug|Any CPU
		{798A90B9-2D5C-45ED-A655-0C4AE7AA70C8}.Debug|Any CPU.Build.0 = Debug|Any CPU
		{798A90B9-2D5C-45ED-A655-0C4AE7AA70C8}.Release|Any CPU.ActiveCfg = Release|Any CPU
		{798A90B9-2D5C-45ED-A655-0C4AE7AA70C8}.Release|Any CPU.Build.0 = Release|Any CPU
		{58914821-12F8-4536-9BFD-7C1044B8C07B}.Debug|Any CPU.ActiveCfg = Debug|Any CPU
		{58914821-12F8-4536-9BFD-7C1044B8C07B}.Debug|Any CPU.Build.0 = Debug|Any CPU
		{58914821-12F8-4536-9BFD-7C1044B8C07B}.Release|Any CPU.ActiveCfg = Release|Any CPU
		{58914821-12F8-4536-9BFD-7C1044B8C07B}.Release|Any CPU.Build.0 = Release|Any CPU
		{8031E850-4FC2-4D4B-A5D9-BD776B209759}.Debug|Any CPU.ActiveCfg = Debug|Any CPU
		{8031E850-4FC2-4D4B-A5D9-BD776B209759}.Debug|Any CPU.Build.0 = Debug|Any CPU
		{8031E850-4FC2-4D4B-A5D9-BD776B209759}.Release|Any CPU.ActiveCfg = Release|Any CPU
		{8031E850-4FC2-4D4B-A5D9-BD776B209759}.Release|Any CPU.Build.0 = Release|Any CPU
	EndGlobalSection
	GlobalSection(SolutionProperties) = preSolution
		HideSolutionNode = FALSE
	EndGlobalSection
EndGlobal
